// !$*UTF8*$!
{
	archiveVersion = 1;
	classes = {
	};
	objectVersion = 46;
	objects = {

/* Begin PBXBuildFile section */
		94CA472C1E789D15005607FE /* main.m in Sources */ = {isa = PBXBuildFile; fileRef = 94CA472B1E789D15005607FE /* main.m */; };
		94CA47351E789DA0005607FE /* hid.c in Sources */ = {isa = PBXBuildFile; fileRef = 94CA47331E789DA0005607FE /* hid.c */; };
		94CA473B1E78A11C005607FE /* HIDController.m in Sources */ = {isa = PBXBuildFile; fileRef = 94CA473A1E78A11C005607FE /* HIDController.m */; };
/* End PBXBuildFile section */

/* Begin PBXCopyFilesBuildPhase section */
		94CA47261E789D15005607FE /* CopyFiles */ = {
			isa = PBXCopyFilesBuildPhase;
			buildActionMask = 2147483647;
			dstPath = /usr/share/man/man1/;
			dstSubfolderSpec = 0;
			files = (
			);
			runOnlyForDeploymentPostprocessing = 1;
		};
/* End PBXCopyFilesBuildPhase section */

/* Begin PBXFileReference section */
		94CA47281E789D15005607FE /* FastlaneButton */ = {isa = PBXFileReference; explicitFileType = "compiled.mach-o.executable"; includeInIndex = 0; path = FastlaneButton; sourceTree = BUILT_PRODUCTS_DIR; };
		94CA472B1E789D15005607FE /* main.m */ = {isa = PBXFileReference; lastKnownFileType = sourcecode.c.objc; path = main.m; sourceTree = "<group>"; };
		94CA47331E789DA0005607FE /* hid.c */ = {isa = PBXFileReference; fileEncoding = 4; lastKnownFileType = sourcecode.c.c; path = hid.c; sourceTree = "<group>"; };
		94CA47341E789DA0005607FE /* hid.h */ = {isa = PBXFileReference; fileEncoding = 4; lastKnownFileType = sourcecode.c.h; path = hid.h; sourceTree = "<group>"; };
		94CA47371E789E9F005607FE /* install.sh */ = {isa = PBXFileReference; lastKnownFileType = text.script.sh; path = install.sh; sourceTree = "<group>"; };
		94CA47381E789E9F005607FE /* remove.sh */ = {isa = PBXFileReference; lastKnownFileType = text.script.sh; path = remove.sh; sourceTree = "<group>"; };
		94CA47391E78A11C005607FE /* HIDController.h */ = {isa = PBXFileReference; fileEncoding = 4; lastKnownFileType = sourcecode.c.h; path = HIDController.h; sourceTree = "<group>"; };
		94CA473A1E78A11C005607FE /* HIDController.m */ = {isa = PBXFileReference; fileEncoding = 4; lastKnownFileType = sourcecode.c.objc; path = HIDController.m; sourceTree = "<group>"; };
		94CA473C1E78AA9F005607FE /* com.heinen.farlei.service.plist */ = {isa = PBXFileReference; lastKnownFileType = text.plist.xml; path = com.heinen.farlei.service.plist; sourceTree = "<group>"; };
/* End PBXFileReference section */

/* Begin PBXFrameworksBuildPhase section */
		94CA47251E789D15005607FE /* Frameworks */ = {
			isa = PBXFrameworksBuildPhase;
			buildActionMask = 2147483647;
			files = (
			);
			runOnlyForDeploymentPostprocessing = 0;
		};
/* End PBXFrameworksBuildPhase section */

/* Begin PBXGroup section */
		94CA471F1E789D15005607FE = {
			isa = PBXGroup;
			children = (
				94CA472A1E789D15005607FE /* FastlaneButton */,
				94CA47361E789E6D005607FE /* Deploy */,
				94CA47291E789D15005607FE /* Products */,
			);
			sourceTree = "<group>";
		};
		94CA47291E789D15005607FE /* Products */ = {
			isa = PBXGroup;
			children = (
				94CA47281E789D15005607FE /* FastlaneButton */,
			);
			name = Products;
			sourceTree = "<group>";
		};
		94CA472A1E789D15005607FE /* FastlaneButton */ = {
			isa = PBXGroup;
			children = (
				94CA472B1E789D15005607FE /* main.m */,
				94CA47391E78A11C005607FE /* HIDController.h */,
				94CA473A1E78A11C005607FE /* HIDController.m */,
				94CA47321E789D45005607FE /* USB */,
			);
			path = FastlaneButton;
			sourceTree = "<group>";
		};
		94CA47321E789D45005607FE /* USB */ = {
			isa = PBXGroup;
			children = (
				94CA47331E789DA0005607FE /* hid.c */,
				94CA47341E789DA0005607FE /* hid.h */,
			);
			name = USB;
			sourceTree = "<group>";
		};
		94CA47361E789E6D005607FE /* Deploy */ = {
			isa = PBXGroup;
			children = (
				94CA473C1E78AA9F005607FE /* com.heinen.farlei.service.plist */,
				94CA47371E789E9F005607FE /* install.sh */,
				94CA47381E789E9F005607FE /* remove.sh */,
			);
			name = Deploy;
			sourceTree = "<group>";
		};
/* End PBXGroup section */

/* Begin PBXNativeTarget section */
		94CA47271E789D15005607FE /* FastlaneButton */ = {
			isa = PBXNativeTarget;
			buildConfigurationList = 94CA472F1E789D15005607FE /* Build configuration list for PBXNativeTarget "FastlaneButton" */;
			buildPhases = (
				94CA47241E789D15005607FE /* Sources */,
				94CA47251E789D15005607FE /* Frameworks */,
				94CA47261E789D15005607FE /* CopyFiles */,
			);
			buildRules = (
			);
			dependencies = (
			);
			name = FastlaneButton;
			productName = FastlaneButton;
			productReference = 94CA47281E789D15005607FE /* FastlaneButton */;
			productType = "com.apple.product-type.tool";
		};
/* End PBXNativeTarget section */

/* Begin PBXProject section */
		94CA47201E789D15005607FE /* Project object */ = {
			isa = PBXProject;
			attributes = {
				LastUpgradeCheck = 0820;
				ORGANIZATIONNAME = FH;
				TargetAttributes = {
					94CA47271E789D15005607FE = {
						CreatedOnToolsVersion = 8.2.1;
						ProvisioningStyle = Automatic;
					};
				};
			};
			buildConfigurationList = 94CA47231E789D15005607FE /* Build configuration list for PBXProject "FastlaneButton" */;
			compatibilityVersion = "Xcode 3.2";
			developmentRegion = English;
			hasScannedForEncodings = 0;
			knownRegions = (
				en,
			);
			mainGroup = 94CA471F1E789D15005607FE;
			productRefGroup = 94CA47291E789D15005607FE /* Products */;
			projectDirPath = "";
			projectRoot = "";
			targets = (
				94CA47271E789D15005607FE /* FastlaneButton */,
			);
		};
/* End PBXProject section */

/* Begin PBXSourcesBuildPhase section */
		94CA47241E789D15005607FE /* Sources */ = {
			isa = PBXSourcesBuildPhase;
			buildActionMask = 2147483647;
			files = (
				94CA473B1E78A11C005607FE /* HIDController.m in Sources */,
				94CA472C1E789D15005607FE /* main.m in Sources */,
				94CA47351E789DA0005607FE /* hid.c in Sources */,
			);
			runOnlyForDeploymentPostprocessing = 0;
		};
/* End PBXSourcesBuildPhase section */

/* Begin XCBuildConfiguration section */
		94CA472D1E789D15005607FE /* Debug */ = {
			isa = XCBuildConfiguration;
			buildSettings = {
				ALWAYS_SEARCH_USER_PATHS = NO;
				CLANG_ANALYZER_NONNULL = YES;
				CLANG_CXX_LANGUAGE_STANDARD = "gnu++0x";
				CLANG_CXX_LIBRARY = "libc++";
				CLANG_ENABLE_MODULES = YES;
				CLANG_ENABLE_OBJC_ARC = YES;
				CLANG_WARN_BOOL_CONVERSION = YES;
				CLANG_WARN_CONSTANT_CONVERSION = YES;
				CLANG_WARN_DIRECT_OBJC_ISA_USAGE = YES_ERROR;
				CLANG_WARN_DOCUMENTATION_COMMENTS = YES;
				CLANG_WARN_EMPTY_BODY = YES;
				CLANG_WARN_ENUM_CONVERSION = YES;
				CLANG_WARN_INFINITE_RECURSION = YES;
				CLANG_WARN_INT_CONVERSION = YES;
				CLANG_WARN_OBJC_ROOT_CLASS = YES_ERROR;
				CLANG_WARN_SUSPICIOUS_MOVE = YES;
				CLANG_WARN_UNREACHABLE_CODE = YES;
				CLANG_WARN__DUPLICATE_METHOD_MATCH = YES;
				CODE_SIGN_IDENTITY = "-";
				COPY_PHASE_STRIP = NO;
				DEBUG_INFORMATION_FORMAT = dwarf;
				ENABLE_STRICT_OBJC_MSGSEND = YES;
				ENABLE_TESTABILITY = YES;
				GCC_C_LANGUAGE_STANDARD = gnu99;
				GCC_DYNAMIC_NO_PIC = NO;
				GCC_NO_COMMON_BLOCKS = YES;
				GCC_OPTIMIZATION_LEVEL = 0;
				GCC_PREPROCESSOR_DEFINITIONS = (
					"DEBUG=1",
					"$(inherited)",
				);
				GCC_WARN_64_TO_32_BIT_CONVERSION = YES;
				GCC_WARN_ABOUT_RETURN_TYPE = YES_ERROR;
				GCC_WARN_UNDECLARED_SELECTOR = YES;
				GCC_WARN_UNINITIALIZED_AUTOS = YES_AGGRESSIVE;
				GCC_WARN_UNUSED_FUNCTION = YES;
				GCC_WARN_UNUSED_VARIABLE = YES;
				MACOSX_DEPLOYMENT_TARGET = 10.12;
				MTL_ENABLE_DEBUG_INFO = YES;
				ONLY_ACTIVE_ARCH = YES;
				SDKROOT = macosx;
			};
			name = Debug;
		};
		94CA472E1E789D15005607FE /* Release */ = {
			isa = XCBuildConfiguration;
			buildSettings = {
				ALWAYS_SEARCH_USER_PATHS = NO;
				CLANG_ANALYZER_NONNULL = YES;
				CLANG_CXX_LANGUAGE_STANDARD = "gnu++0x";
				CLANG_CXX_LIBRARY = "libc++";
				CLANG_ENABLE_MODULES = YES;
				CLANG_ENABLE_OBJC_ARC = YES;
				CLANG_WARN_BOOL_CONVERSION = YES;
				CLANG_WARN_CONSTANT_CONVERSION = YES;
				CLANG_WARN_DIRECT_OBJC_ISA_USAGE = YES_ERROR;
				CLANG_WARN_DOCUMENTATION_COMMENTS = YES;
				CLANG_WARN_EMPTY_BODY = YES;
				CLANG_WARN_ENUM_CONVERSION = YES;
				CLANG_WARN_INFINITE_RECURSION = YES;
				CLANG_WARN_INT_CONVERSION = YES;
				CLANG_WARN_OBJC_ROOT_CLASS = YES_ERROR;
				CLANG_WARN_SUSPICIOUS_MOVE = YES;
				CLANG_WARN_UNREACHABLE_CODE = YES;
				CLANG_WARN__DUPLICATE_METHOD_MATCH = YES;
				CODE_SIGN_IDENTITY = "-";
				COPY_PHASE_STRIP = NO;
				DEBUG_INFORMATION_FORMAT = "dwarf-with-dsym";
				ENABLE_NS_ASSERTIONS = NO;
				ENABLE_STRICT_OBJC_MSGSEND = YES;
				GCC_C_LANGUAGE_STANDARD = gnu99;
				GCC_NO_COMMON_BLOCKS = YES;
				GCC_WARN_64_TO_32_BIT_CONVERSION = YES;
				GCC_WARN_ABOUT_RETURN_TYPE = YES_ERROR;
				GCC_WARN_UNDECLARED_SELECTOR = YES;
				GCC_WARN_UNINITIALIZED_AUTOS = YES_AGGRESSIVE;
				GCC_WARN_UNUSED_FUNCTION = YES;
				GCC_WARN_UNUSED_VARIABLE = YES;
				MACOSX_DEPLOYMENT_TARGET = 10.12;
				MTL_ENABLE_DEBUG_INFO = NO;
				SDKROOT = macosx;
			};
			name = Release;
		};
		94CA47301E789D15005607FE /* Debug */ = {
			isa = XCBuildConfiguration;
			buildSettings = {
				PRODUCT_NAME = "$(TARGET_NAME)";
			};
			name = Debug;
		};
		94CA47311E789D15005607FE /* Release */ = {
			isa = XCBuildConfiguration;
			buildSettings = {
				PRODUCT_NAME = "$(TARGET_NAME)";
			};
			name = Release;
		};
/* End XCBuildConfiguration section */

/* Begin XCConfigurationList section */
		94CA47231E789D15005607FE /* Build configuration list for PBXProject "FastlaneButton" */ = {
			isa = XCConfigurationList;
			buildConfigurations = (
				94CA472D1E789D15005607FE /* Debug */,
				94CA472E1E789D15005607FE /* Release */,
			);
			defaultConfigurationIsVisible = 0;
			defaultConfigurationName = Release;
		};
		94CA472F1E789D15005607FE /* Build configuration list for PBXNativeTarget "FastlaneButton" */ = {
			isa = XCConfigurationList;
			buildConfigurations = (
				94CA47301E789D15005607FE /* Debug */,
				94CA47311E789D15005607FE /* Release */,
			);
			defaultConfigurationIsVisible = 0;
		};
/* End XCConfigurationList section */
	};
	rootObject = 94CA47201E789D15005607FE /* Project object */;
}
